<?xml version="1.0" encoding="utf-8"?>
<Project ToolsVersion="4.0" xmlns="http://schemas.microsoft.com/developer/msbuild/2003">
  <ItemGroup>
    <Filter Include="Source Files">
      <UniqueIdentifier>{4FC737F1-C7A5-4376-A066-2A32D752A2FF}</UniqueIdentifier>
      <Extensions>cpp;c;cc;cxx;c++;cppm;ixx;def;odl;idl;hpj;bat;asm;asmx</Extensions>
    </Filter>
    <Filter Include="Header Files">
      <UniqueIdentifier>{93995380-89BD-4b04-88EB-625FBE52EBFB}</UniqueIdentifier>
      <Extensions>h;hh;hpp;hxx;h++;hm;inl;inc;ipp;xsd</Extensions>
    </Filter>
    <Filter Include="Resource Files">
      <UniqueIdentifier>{67DA6AB6-F800-4c08-8B7A-83BB121AAD01}</UniqueIdentifier>
      <Extensions>rc;ico;cur;bmp;dlg;rc2;rct;bin;rgs;gif;jpg;jpeg;jpe;resx;tiff;tif;png;wav;mfcribbon-ms</Extensions>
    </Filter>
    <Filter Include="Header Files\Core">
      <UniqueIdentifier>{c7a25002-9779-4fbe-ab26-d45e94a73076}</UniqueIdentifier>
    </Filter>
    <Filter Include="Header Files\Algorithms">
      <UniqueIdentifier>{44668a05-0f74-407c-8eff-1ce98dbe0bc4}</UniqueIdentifier>
    </Filter>
    <Filter Include="Source Files\Core">
      <UniqueIdentifier>{fe082b9e-8a6b-4ea5-8de4-b3564823c3ed}</UniqueIdentifier>
    </Filter>
    <Filter Include="Source Files\Algorithms">
      <UniqueIdentifier>{3f2e2701-c2bf-44f6-9700-49cd9737be9b}</UniqueIdentifier>
    </Filter>
  </ItemGroup>
  <ItemGroup>
    <ClInclude Include="constants.h">
      <Filter>Header Files</Filter>
    </ClInclude>
    <ClInclude Include="error_codes.h">
      <Filter>Header Files</Filter>
    </ClInclude>
    <ClInclude Include="matrix_core.h">
      <Filter>Header Files\Core</Filter>
    </ClInclude>
    <ClInclude Include="matrix_io.h">
      <Filter>Header Files\Core</Filter>
    </ClInclude>
    <ClInclude Include="backtrack.h">
      <Filter>Header Files\Algorithms</Filter>
    </ClInclude>
    <ClInclude Include="hungarian.h">
      <Filter>Header Files\Algorithms</Filter>
    </ClInclude>
    <ClInclude Include="greedy.h">
      <Filter>Header Files\Algorithms</Filter>
    </ClInclude>
  </ItemGroup>
  <ItemGroup>
    <ClCompile Include="matrix_core.c">
      <Filter>Source Files\Core</Filter>
    </ClCompile>
    <ClCompile Include="matrix_io.c">
      <Filter>Source Files\Core</Filter>
    </ClCompile>
    <ClCompile Include="backtrack.c">
      <Filter>Source Files\Algorithms</Filter>
    </ClCompile>
    <ClCompile Include="hungarian.c">
      <Filter>Source Files\Algorithms</Filter>
    </ClCompile>
    <ClCompile Include="greedy.c">
      <Filter>Source Files\Algorithms</Filter>
    </ClCompile>
  </ItemGroup>
</Project>